// !$*UTF8*$!
{
	archiveVersion = 1;
	classes = {
	};
	objectVersion = 46;
	objects = {

/* Begin PBXBuildFile section */
		5B316B901941B5F8004AFD33 /* main.m in Sources */ = {isa = PBXBuildFile; fileRef = 5B316B8F1941B5F8004AFD33 /* main.m */; };
		5B316B931941B5F8004AFD33 /* DemoSpriteGameAppDelegate.mm in Sources */ = {isa = PBXBuildFile; fileRef = 5B316B921941B5F8004AFD33 /* DemoSpriteGameAppDelegate.mm */; };
		5B316B961941B5F8004AFD33 /* GameScene.mm in Sources */ = {isa = PBXBuildFile; fileRef = 5B316B951941B5F8004AFD33 /* GameScene.mm */; };
		5B316B981941B5F8004AFD33 /* GameScene.sks in Resources */ = {isa = PBXBuildFile; fileRef = 5B316B971941B5F8004AFD33 /* GameScene.sks */; };
		5B316B9B1941B5F8004AFD33 /* DemoSpriteGameViewController.mm in Sources */ = {isa = PBXBuildFile; fileRef = 5B316B9A1941B5F8004AFD33 /* DemoSpriteGameViewController.mm */; };
		5B316B9E1941B5F8004AFD33 /* Main.storyboard in Resources */ = {isa = PBXBuildFile; fileRef = 5B316B9C1941B5F8004AFD33 /* Main.storyboard */; };
		5B316BA01941B5F8004AFD33 /* Images.xcassets in Resources */ = {isa = PBXBuildFile; fileRef = 5B316B9F1941B5F8004AFD33 /* Images.xcassets */; };
		5B316BAC1941B5F8004AFD33 /* DemoSpriteGameTests.mm in Sources */ = {isa = PBXBuildFile; fileRef = 5B316BAB1941B5F8004AFD33 /* DemoSpriteGameTests.mm */; };
		5B3368D61941B90A00ED9117 /* DGLabelSpriteNode.mm in Sources */ = {isa = PBXBuildFile; fileRef = 5B3368CF1941B90A00ED9117 /* DGLabelSpriteNode.mm */; };
		5B3368D71941B90A00ED9117 /* DGSpaceshipSprite.mm in Sources */ = {isa = PBXBuildFile; fileRef = 5B3368D11941B90A00ED9117 /* DGSpaceshipSprite.mm */; };
		5BC0FD4F19C2F17C00989E68 /* DGSpriteObjectFactory.mm in Sources */ = {isa = PBXBuildFile; fileRef = 5BC0FD4E19C2F17C00989E68 /* DGSpriteObjectFactory.mm */; };
		5BF2610B19C8698900775EC1 /* SpriteKit.framework in Frameworks */ = {isa = PBXBuildFile; fileRef = 5BF2610A19C8698900775EC1 /* SpriteKit.framework */; };
		5BF2610F19C8699B00775EC1 /* DGSpaceshipScene.mm in Sources */ = {isa = PBXBuildFile; fileRef = 5BF2610E19C8699B00775EC1 /* DGSpaceshipScene.mm */; };
/* End PBXBuildFile section */

/* Begin PBXContainerItemProxy section */
		5B316BA61941B5F8004AFD33 /* PBXContainerItemProxy */ = {
			isa = PBXContainerItemProxy;
			containerPortal = 5B316B821941B5F8004AFD33 /* Project object */;
			proxyType = 1;
			remoteGlobalIDString = 5B316B891941B5F8004AFD33;
			remoteInfo = DemoSpriteGame;
		};
/* End PBXContainerItemProxy section */

/* Begin PBXFileReference section */
		5B316B8A1941B5F8004AFD33 /* DemoSpriteGame.app */ = {isa = PBXFileReference; explicitFileType = wrapper.application; includeInIndex = 0; path = DemoSpriteGame.app; sourceTree = BUILT_PRODUCTS_DIR; };
		5B316B8E1941B5F8004AFD33 /* Info.plist */ = {isa = PBXFileReference; lastKnownFileType = text.plist.xml; path = Info.plist; sourceTree = "<group>"; };
		5B316B8F1941B5F8004AFD33 /* main.m */ = {isa = PBXFileReference; lastKnownFileType = sourcecode.c.objc; path = main.m; sourceTree = "<group>"; };
		5B316B911941B5F8004AFD33 /* DemoSpriteGameAppDelegate.h */ = {isa = PBXFileReference; lastKnownFileType = sourcecode.c.h; path = DemoSpriteGameAppDelegate.h; sourceTree = "<group>"; };
		5B316B921941B5F8004AFD33 /* DemoSpriteGameAppDelegate.mm */ = {isa = PBXFileReference; lastKnownFileType = sourcecode.cpp.objcpp; path = DemoSpriteGameAppDelegate.mm; sourceTree = "<group>"; };
		5B316B941941B5F8004AFD33 /* GameScene.h */ = {isa = PBXFileReference; lastKnownFileType = sourcecode.c.h; path = GameScene.h; sourceTree = "<group>"; };
		5B316B951941B5F8004AFD33 /* GameScene.mm */ = {isa = PBXFileReference; lastKnownFileType = sourcecode.cpp.objcpp; path = GameScene.mm; sourceTree = "<group>"; };
		5B316B971941B5F8004AFD33 /* GameScene.sks */ = {isa = PBXFileReference; lastKnownFileType = file.sks; path = GameScene.sks; sourceTree = "<group>"; };
		5B316B991941B5F8004AFD33 /* DemoSpriteGameViewController.h */ = {isa = PBXFileReference; lastKnownFileType = sourcecode.c.h; path = DemoSpriteGameViewController.h; sourceTree = "<group>"; };
		5B316B9A1941B5F8004AFD33 /* DemoSpriteGameViewController.mm */ = {isa = PBXFileReference; lastKnownFileType = sourcecode.cpp.objcpp; path = DemoSpriteGameViewController.mm; sourceTree = "<group>"; };
		5B316B9D1941B5F8004AFD33 /* Base */ = {isa = PBXFileReference; lastKnownFileType = file.storyboard; name = Base; path = Base.lproj/Main.storyboard; sourceTree = "<group>"; };
		5B316B9F1941B5F8004AFD33 /* Images.xcassets */ = {isa = PBXFileReference; lastKnownFileType = folder.assetcatalog; path = Images.xcassets; sourceTree = "<group>"; };
		5B316BA51941B5F8004AFD33 /* DemoSpriteGameTests.xctest */ = {isa = PBXFileReference; explicitFileType = wrapper.cfbundle; includeInIndex = 0; path = DemoSpriteGameTests.xctest; sourceTree = BUILT_PRODUCTS_DIR; };
		5B316BAA1941B5F8004AFD33 /* Info.plist */ = {isa = PBXFileReference; lastKnownFileType = text.plist.xml; path = Info.plist; sourceTree = "<group>"; };
		5B316BAB1941B5F8004AFD33 /* DemoSpriteGameTests.mm */ = {isa = PBXFileReference; lastKnownFileType = sourcecode.cpp.objcpp; path = DemoSpriteGameTests.mm; sourceTree = "<group>"; };
		5B3368CE1941B90A00ED9117 /* DGLabelSpriteNode.h */ = {isa = PBXFileReference; fileEncoding = 4; lastKnownFileType = sourcecode.c.h; path = DGLabelSpriteNode.h; sourceTree = "<group>"; };
		5B3368CF1941B90A00ED9117 /* DGLabelSpriteNode.mm */ = {isa = PBXFileReference; fileEncoding = 4; lastKnownFileType = sourcecode.cpp.objcpp; path = DGLabelSpriteNode.mm; sourceTree = "<group>"; };
		5B3368D01941B90A00ED9117 /* DGSpaceshipSprite.h */ = {isa = PBXFileReference; fileEncoding = 4; lastKnownFileType = sourcecode.c.h; path = DGSpaceshipSprite.h; sourceTree = "<group>"; };
		5B3368D11941B90A00ED9117 /* DGSpaceshipSprite.mm */ = {isa = PBXFileReference; fileEncoding = 4; lastKnownFileType = sourcecode.cpp.objcpp; path = DGSpaceshipSprite.mm; sourceTree = "<group>"; };
		5BC0FD4C19C2F17C00989E68 /* DGSpriteMacroDefine.h */ = {isa = PBXFileReference; fileEncoding = 4; lastKnownFileType = sourcecode.c.h; path = DGSpriteMacroDefine.h; sourceTree = "<group>"; };
		5BC0FD4D19C2F17C00989E68 /* DGSpriteObjectFactory.h */ = {isa = PBXFileReference; fileEncoding = 4; lastKnownFileType = sourcecode.c.h; path = DGSpriteObjectFactory.h; sourceTree = "<group>"; };
		5BC0FD4E19C2F17C00989E68 /* DGSpriteObjectFactory.mm */ = {isa = PBXFileReference; fileEncoding = 4; lastKnownFileType = sourcecode.cpp.objcpp; path = DGSpriteObjectFactory.mm; sourceTree = "<group>"; };
		5BF2610A19C8698900775EC1 /* SpriteKit.framework */ = {isa = PBXFileReference; lastKnownFileType = wrapper.framework; name = SpriteKit.framework; path = Platforms/iPhoneSimulator.platform/Developer/SDKs/iPhoneSimulator7.0.sdk/System/Library/Frameworks/SpriteKit.framework; sourceTree = DEVELOPER_DIR; };
		5BF2610D19C8699B00775EC1 /* DGSpaceshipScene.h */ = {isa = PBXFileReference; fileEncoding = 4; lastKnownFileType = sourcecode.c.h; path = DGSpaceshipScene.h; sourceTree = "<group>"; };
		5BF2610E19C8699B00775EC1 /* DGSpaceshipScene.mm */ = {isa = PBXFileReference; fileEncoding = 4; lastKnownFileType = sourcecode.cpp.objcpp; path = DGSpaceshipScene.mm; sourceTree = "<group>"; };
/* End PBXFileReference section */

/* Begin PBXFrameworksBuildPhase section */
		5B316B871941B5F8004AFD33 /* Frameworks */ = {
			isa = PBXFrameworksBuildPhase;
			buildActionMask = 2147483647;
			files = (
				5BF2610B19C8698900775EC1 /* SpriteKit.framework in Frameworks */,
			);
			runOnlyForDeploymentPostprocessing = 0;
		};
		5B316BA21941B5F8004AFD33 /* Frameworks */ = {
			isa = PBXFrameworksBuildPhase;
			buildActionMask = 2147483647;
			files = (
			);
			runOnlyForDeploymentPostprocessing = 0;
		};
/* End PBXFrameworksBuildPhase section */

/* Begin PBXGroup section */
		5B316B811941B5F8004AFD33 = {
			isa = PBXGroup;
			children = (
				5B8B0C3B19C80CBA008BF8B1 /* Frameworks */,
				5B3368CB1941B90A00ED9117 /* DemoClass20140606 */,
				5B316B8C1941B5F8004AFD33 /* DemoSpriteGame */,
				5B316BA81941B5F8004AFD33 /* DemoSpriteGameTests */,
				5B316B8B1941B5F8004AFD33 /* Products */,
			);
			sourceTree = "<group>";
		};
		5B316B8B1941B5F8004AFD33 /* Products */ = {
			isa = PBXGroup;
			children = (
				5B316B8A1941B5F8004AFD33 /* DemoSpriteGame.app */,
				5B316BA51941B5F8004AFD33 /* DemoSpriteGameTests.xctest */,
			);
			name = Products;
			sourceTree = "<group>";
		};
		5B316B8C1941B5F8004AFD33 /* DemoSpriteGame */ = {
			isa = PBXGroup;
			children = (
				5B316B911941B5F8004AFD33 /* DemoSpriteGameAppDelegate.h */,
				5B316B921941B5F8004AFD33 /* DemoSpriteGameAppDelegate.mm */,
				5B316B941941B5F8004AFD33 /* GameScene.h */,
				5B316B951941B5F8004AFD33 /* GameScene.mm */,
				5B316B971941B5F8004AFD33 /* GameScene.sks */,
				5B316B991941B5F8004AFD33 /* DemoSpriteGameViewController.h */,
				5B316B9A1941B5F8004AFD33 /* DemoSpriteGameViewController.mm */,
				5B316B9C1941B5F8004AFD33 /* Main.storyboard */,
				5B316B9F1941B5F8004AFD33 /* Images.xcassets */,
				5B316B8D1941B5F8004AFD33 /* Supporting Files */,
			);
			path = DemoSpriteGame;
			sourceTree = "<group>";
		};
		5B316B8D1941B5F8004AFD33 /* Supporting Files */ = {
			isa = PBXGroup;
			children = (
				5B316B8E1941B5F8004AFD33 /* Info.plist */,
				5B316B8F1941B5F8004AFD33 /* main.m */,
			);
			name = "Supporting Files";
			sourceTree = "<group>";
		};
		5B316BA81941B5F8004AFD33 /* DemoSpriteGameTests */ = {
			isa = PBXGroup;
			children = (
				5B316BAB1941B5F8004AFD33 /* DemoSpriteGameTests.mm */,
				5B316BA91941B5F8004AFD33 /* Supporting Files */,
			);
			path = DemoSpriteGameTests;
			sourceTree = "<group>";
		};
		5B316BA91941B5F8004AFD33 /* Supporting Files */ = {
			isa = PBXGroup;
			children = (
				5B316BAA1941B5F8004AFD33 /* Info.plist */,
			);
			name = "Supporting Files";
			sourceTree = "<group>";
		};
		5B3368CB1941B90A00ED9117 /* DemoClass20140606 */ = {
			isa = PBXGroup;
			children = (
				5B3368CC1941B90A00ED9117 /* DemoSource */,
			);
			path = DemoClass20140606;
			sourceTree = "<group>";
		};
		5B3368CC1941B90A00ED9117 /* DemoSource */ = {
			isa = PBXGroup;
			children = (
				5BF2610C19C8699B00775EC1 /* GameScene */,
				5B3368CD1941B90A00ED9117 /* ObjectiveCCode */,
			);
			path = DemoSource;
			sourceTree = "<group>";
		};
		5B3368CD1941B90A00ED9117 /* ObjectiveCCode */ = {
			isa = PBXGroup;
			children = (
				5B3368CE1941B90A00ED9117 /* DGLabelSpriteNode.h */,
				5B3368CF1941B90A00ED9117 /* DGLabelSpriteNode.mm */,
				5B3368D01941B90A00ED9117 /* DGSpaceshipSprite.h */,
				5B3368D11941B90A00ED9117 /* DGSpaceshipSprite.mm */,
				5BC0FD4C19C2F17C00989E68 /* DGSpriteMacroDefine.h */,
				5BC0FD4D19C2F17C00989E68 /* DGSpriteObjectFactory.h */,
				5BC0FD4E19C2F17C00989E68 /* DGSpriteObjectFactory.mm */,
			);
			path = ObjectiveCCode;
			sourceTree = "<group>";
		};
		5B8B0C3B19C80CBA008BF8B1 /* Frameworks */ = {
			isa = PBXGroup;
			children = (
				5BF2610A19C8698900775EC1 /* SpriteKit.framework */,
			);
			name = Frameworks;
			sourceTree = "<group>";
		};
		5BF2610C19C8699B00775EC1 /* GameScene */ = {
			isa = PBXGroup;
			children = (
				5BF2610D19C8699B00775EC1 /* DGSpaceshipScene.h */,
				5BF2610E19C8699B00775EC1 /* DGSpaceshipScene.mm */,
			);
			path = GameScene;
			sourceTree = "<group>";
		};
/* End PBXGroup section */

/* Begin PBXNativeTarget section */
		5B316B891941B5F8004AFD33 /* DemoSpriteGame */ = {
			isa = PBXNativeTarget;
			buildConfigurationList = 5B316BAF1941B5F8004AFD33 /* Build configuration list for PBXNativeTarget "DemoSpriteGame" */;
			buildPhases = (
				5B316B861941B5F8004AFD33 /* Sources */,
				5B316B871941B5F8004AFD33 /* Frameworks */,
				5B316B881941B5F8004AFD33 /* Resources */,
			);
			buildRules = (
			);
			dependencies = (
			);
			name = DemoSpriteGame;
			productName = DemoSpriteGame;
			productReference = 5B316B8A1941B5F8004AFD33 /* DemoSpriteGame.app */;
			productType = "com.apple.product-type.application";
		};
		5B316BA41941B5F8004AFD33 /* DemoSpriteGameTests */ = {
			isa = PBXNativeTarget;
			buildConfigurationList = 5B316BB21941B5F8004AFD33 /* Build configuration list for PBXNativeTarget "DemoSpriteGameTests" */;
			buildPhases = (
				5B316BA11941B5F8004AFD33 /* Sources */,
				5B316BA21941B5F8004AFD33 /* Frameworks */,
				5B316BA31941B5F8004AFD33 /* Resources */,
			);
			buildRules = (
			);
			dependencies = (
				5B316BA71941B5F8004AFD33 /* PBXTargetDependency */,
			);
			name = DemoSpriteGameTests;
			productName = DemoSpriteGameTests;
			productReference = 5B316BA51941B5F8004AFD33 /* DemoSpriteGameTests.xctest */;
			productType = "com.apple.product-type.bundle.unit-test";
		};
/* End PBXNativeTarget section */

/* Begin PBXProject section */
		5B316B821941B5F8004AFD33 /* Project object */ = {
			isa = PBXProject;
			attributes = {
				LastUpgradeCheck = 0600;
				ORGANIZATIONNAME = ucweb;
				TargetAttributes = {
					5B316B891941B5F8004AFD33 = {
						CreatedOnToolsVersion = 6.0;
					};
					5B316BA41941B5F8004AFD33 = {
						CreatedOnToolsVersion = 6.0;
						TestTargetID = 5B316B891941B5F8004AFD33;
					};
				};
			};
			buildConfigurationList = 5B316B851941B5F8004AFD33 /* Build configuration list for PBXProject "DemoSpriteGame" */;
			compatibilityVersion = "Xcode 3.2";
			developmentRegion = English;
			hasScannedForEncodings = 0;
			knownRegions = (
				en,
				Base,
			);
			mainGroup = 5B316B811941B5F8004AFD33;
			productRefGroup = 5B316B8B1941B5F8004AFD33 /* Products */;
			projectDirPath = "";
			projectRoot = "";
			targets = (
				5B316B891941B5F8004AFD33 /* DemoSpriteGame */,
				5B316BA41941B5F8004AFD33 /* DemoSpriteGameTests */,
			);
		};
/* End PBXProject section */

/* Begin PBXResourcesBuildPhase section */
		5B316B881941B5F8004AFD33 /* Resources */ = {
			isa = PBXResourcesBuildPhase;
			buildActionMask = 2147483647;
			files = (
				5B316BA01941B5F8004AFD33 /* Images.xcassets in Resources */,
				5B316B981941B5F8004AFD33 /* GameScene.sks in Resources */,
				5B316B9E1941B5F8004AFD33 /* Main.storyboard in Resources */,
			);
			runOnlyForDeploymentPostprocessing = 0;
		};
		5B316BA31941B5F8004AFD33 /* Resources */ = {
			isa = PBXResourcesBuildPhase;
			buildActionMask = 2147483647;
			files = (
			);
			runOnlyForDeploymentPostprocessing = 0;
		};
/* End PBXResourcesBuildPhase section */

/* Begin PBXSourcesBuildPhase section */
		5B316B861941B5F8004AFD33 /* Sources */ = {
			isa = PBXSourcesBuildPhase;
			buildActionMask = 2147483647;
			files = (
				5B316B9B1941B5F8004AFD33 /* DemoSpriteGameViewController.mm in Sources */,
				5B316B931941B5F8004AFD33 /* DemoSpriteGameAppDelegate.mm in Sources */,
				5B316B961941B5F8004AFD33 /* GameScene.mm in Sources */,
				5B316B901941B5F8004AFD33 /* main.m in Sources */,
				5BF2610F19C8699B00775EC1 /* DGSpaceshipScene.mm in Sources */,
				5B3368D71941B90A00ED9117 /* DGSpaceshipSprite.mm in Sources */,
				5B3368D61941B90A00ED9117 /* DGLabelSpriteNode.mm in Sources */,
				5BC0FD4F19C2F17C00989E68 /* DGSpriteObjectFactory.mm in Sources */,
			);
			runOnlyForDeploymentPostprocessing = 0;
		};
		5B316BA11941B5F8004AFD33 /* Sources */ = {
			isa = PBXSourcesBuildPhase;
			buildActionMask = 2147483647;
			files = (
				5B316BAC1941B5F8004AFD33 /* DemoSpriteGameTests.mm in Sources */,
			);
			runOnlyForDeploymentPostprocessing = 0;
		};
/* End PBXSourcesBuildPhase section */

/* Begin PBXTargetDependency section */
		5B316BA71941B5F8004AFD33 /* PBXTargetDependency */ = {
			isa = PBXTargetDependency;
			target = 5B316B891941B5F8004AFD33 /* DemoSpriteGame */;
			targetProxy = 5B316BA61941B5F8004AFD33 /* PBXContainerItemProxy */;
		};
/* End PBXTargetDependency section */

/* Begin PBXVariantGroup section */
		5B316B9C1941B5F8004AFD33 /* Main.storyboard */ = {
			isa = PBXVariantGroup;
			children = (
				5B316B9D1941B5F8004AFD33 /* Base */,
			);
			name = Main.storyboard;
			sourceTree = "<group>";
		};
/* End PBXVariantGroup section */

/* Begin XCBuildConfiguration section */
		5B316BAD1941B5F8004AFD33 /* Debug */ = {
			isa = XCBuildConfiguration;
			buildSettings = {
				ALWAYS_SEARCH_USER_PATHS = NO;
				CLANG_CXX_LANGUAGE_STANDARD = "gnu++0x";
				CLANG_CXX_LIBRARY = "libc++";
				CLANG_ENABLE_MODULES = YES;
				CLANG_ENABLE_OBJC_ARC = YES;
				CLANG_WARN_BOOL_CONVERSION = YES;
				CLANG_WARN_CONSTANT_CONVERSION = YES;
				CLANG_WARN_DIRECT_OBJC_ISA_USAGE = YES_ERROR;
				CLANG_WARN_EMPTY_BODY = YES;
				CLANG_WARN_ENUM_CONVERSION = YES;
				CLANG_WARN_INT_CONVERSION = YES;
				CLANG_WARN_OBJC_ROOT_CLASS = YES_ERROR;
				CLANG_WARN_UNREACHABLE_CODE = YES;
				CLANG_WARN__DUPLICATE_METHOD_MATCH = YES;
				"CODE_SIGN_IDENTITY[sdk=iphoneos*]" = "iPhone Developer";
				COPY_PHASE_STRIP = NO;
				ENABLE_STRICT_OBJC_MSGSEND = YES;
				GCC_C_LANGUAGE_STANDARD = gnu99;
				GCC_DYNAMIC_NO_PIC = NO;
				GCC_OPTIMIZATION_LEVEL = 0;
				GCC_PREPROCESSOR_DEFINITIONS = (
					"DEBUG=1",
					"$(inherited)",
				);
				GCC_SYMBOLS_PRIVATE_EXTERN = NO;
				GCC_WARN_64_TO_32_BIT_CONVERSION = YES;
				GCC_WARN_ABOUT_RETURN_TYPE = YES_ERROR;
				GCC_WARN_UNDECLARED_SELECTOR = YES;
				GCC_WARN_UNINITIALIZED_AUTOS = YES_AGGRESSIVE;
				GCC_WARN_UNUSED_FUNCTION = YES;
				GCC_WARN_UNUSED_VARIABLE = YES;
				IPHONEOS_DEPLOYMENT_TARGET = 6.0;
				METAL_ENABLE_DEBUG_INFO = YES;
				ONLY_ACTIVE_ARCH = YES;
				SDKROOT = iphoneos;
			};
			name = Debug;
		};
		5B316BAE1941B5F8004AFD33 /* Release */ = {
			isa = XCBuildConfiguration;
			buildSettings = {
				ALWAYS_SEARCH_USER_PATHS = NO;
				CLANG_CXX_LANGUAGE_STANDARD = "gnu++0x";
				CLANG_CXX_LIBRARY = "libc++";
				CLANG_ENABLE_MODULES = YES;
				CLANG_ENABLE_OBJC_ARC = YES;
				CLANG_WARN_BOOL_CONVERSION = YES;
				CLANG_WARN_CONSTANT_CONVERSION = YES;
				CLANG_WARN_DIRECT_OBJC_ISA_USAGE = YES_ERROR;
				CLANG_WARN_EMPTY_BODY = YES;
				CLANG_WARN_ENUM_CONVERSION = YES;
				CLANG_WARN_INT_CONVERSION = YES;
				CLANG_WARN_OBJC_ROOT_CLASS = YES_ERROR;
				CLANG_WARN_UNREACHABLE_CODE = YES;
				CLANG_WARN__DUPLICATE_METHOD_MATCH = YES;
				"CODE_SIGN_IDENTITY[sdk=iphoneos*]" = "iPhone Developer";
				COPY_PHASE_STRIP = YES;
				ENABLE_NS_ASSERTIONS = NO;
				ENABLE_STRICT_OBJC_MSGSEND = YES;
				GCC_C_LANGUAGE_STANDARD = gnu99;
				GCC_WARN_64_TO_32_BIT_CONVERSION = YES;
				GCC_WARN_ABOUT_RETURN_TYPE = YES_ERROR;
				GCC_WARN_UNDECLARED_SELECTOR = YES;
				GCC_WARN_UNINITIALIZED_AUTOS = YES_AGGRESSIVE;
				GCC_WARN_UNUSED_FUNCTION = YES;
				GCC_WARN_UNUSED_VARIABLE = YES;
				IPHONEOS_DEPLOYMENT_TARGET = 6.0;
				METAL_ENABLE_DEBUG_INFO = NO;
				SDKROOT = iphoneos;
				VALIDATE_PRODUCT = YES;
			};
			name = Release;
		};
		5B316BB01941B5F8004AFD33 /* Debug */ = {
			isa = XCBuildConfiguration;
			buildSettings = {
				ASSETCATALOG_COMPILER_APPICON_NAME = AppIcon;
				ASSETCATALOG_COMPILER_LAUNCHIMAGE_NAME = LaunchImage;
				CLANG_ENABLE_MODULES = YES;
				CODE_SIGN_IDENTITY = "";
				FRAMEWORK_SEARCH_PATHS = (
					"$(inherited)",
					"$(DEVELOPER_DIR)/Platforms/iPhoneSimulator.platform/Developer/SDKs/iPhoneSimulator.sdk/System/Library/Frameworks",
					"$(DEVELOPER_DIR)/Platforms/iPhoneSimulator.platform/Developer/SDKs/iPhoneSimulator7.0.sdk/System/Library/Frameworks",
				);
				INFOPLIST_FILE = DemoSpriteGame/Info.plist;
				IPHONEOS_DEPLOYMENT_TARGET = 6.0;
				LD_RUNPATH_SEARCH_PATHS = "$(inherited) @executable_path/Frameworks";
				PRODUCT_NAME = "$(TARGET_NAME)";
				PROVISIONING_PROFILE = "E18AEF7B-4F86-484E-AF5E-C294CA495C9C";
				SWIFT_OBJC_BRIDGING_HEADER = "DemoClass20140606/DemoSource/SwiftCode/DemoTest-Swift.h";
				SWIFT_OPTIMIZATION_LEVEL = "-Onone";
			};
			name = Debug;
		};
		5B316BB11941B5F8004AFD33 /* Release */ = {
			isa = XCBuildConfiguration;
			buildSettings = {
				ASSETCATALOG_COMPILER_APPICON_NAME = AppIcon;
				ASSETCATALOG_COMPILER_LAUNCHIMAGE_NAME = LaunchImage;
				CLANG_ENABLE_MODULES = YES;
				CODE_SIGN_IDENTITY = "";
				FRAMEWORK_SEARCH_PATHS = (
					"$(inherited)",
					"$(DEVELOPER_DIR)/Platforms/iPhoneSimulator.platform/Developer/SDKs/iPhoneSimulator.sdk/System/Library/Frameworks",
					"$(DEVELOPER_DIR)/Platforms/iPhoneSimulator.platform/Developer/SDKs/iPhoneSimulator7.0.sdk/System/Library/Frameworks",
				);
				INFOPLIST_FILE = DemoSpriteGame/Info.plist;
				IPHONEOS_DEPLOYMENT_TARGET = 6.0;
				LD_RUNPATH_SEARCH_PATHS = "$(inherited) @executable_path/Frameworks";
				PRODUCT_NAME = "$(TARGET_NAME)";
				PROVISIONING_PROFILE = "E18AEF7B-4F86-484E-AF5E-C294CA495C9C";
				SWIFT_OBJC_BRIDGING_HEADER = "DemoClass20140606/DemoSource/SwiftCode/DemoTest-Swift.h";
			};
			name = Release;
		};
		5B316BB31941B5F8004AFD33 /* Debug */ = {
			isa = XCBuildConfiguration;
			buildSettings = {
				BUNDLE_LOADER = "$(BUILT_PRODUCTS_DIR)/DemoSpriteGame.app/DemoSpriteGame";
				FRAMEWORK_SEARCH_PATHS = (
					"$(SDKROOT)/Developer/Library/Frameworks",
					"$(inherited)",
				);
				GCC_PREPROCESSOR_DEFINITIONS = (
					"DEBUG=1",
					"$(inherited)",
				);
				INFOPLIST_FILE = DemoSpriteGameTests/Info.plist;
				LD_RUNPATH_SEARCH_PATHS = "$(inherited) @executable_path/Frameworks @loader_path/Frameworks";
				METAL_ENABLE_DEBUG_INFO = YES;
				PRODUCT_NAME = "$(TARGET_NAME)";
				TEST_HOST = "$(BUNDLE_LOADER)";
			};
			name = Debug;
		};
		5B316BB41941B5F8004AFD33 /* Release */ = {
			isa = XCBuildConfiguration;
			buildSettings = {
				BUNDLE_LOADER = "$(BUILT_PRODUCTS_DIR)/DemoSpriteGame.app/DemoSpriteGame";
				FRAMEWORK_SEARCH_PATHS = (
					"$(SDKROOT)/Developer/Library/Frameworks",
					"$(inherited)",
				);
				INFOPLIST_FILE = DemoSpriteGameTests/Info.plist;
				LD_RUNPATH_SEARCH_PATHS = "$(inherited) @executable_path/Frameworks @loader_path/Frameworks";
				METAL_ENABLE_DEBUG_INFO = NO;
				PRODUCT_NAME = "$(TARGET_NAME)";
				TEST_HOST = "$(BUNDLE_LOADER)";
			};
			name = Release;
		};
/* End XCBuildConfiguration section */

/* Begin XCConfigurationList section */
		5B316B851941B5F8004AFD33 /* Build configuration list for PBXProject "DemoSpriteGame" */ = {
			isa = XCConfigurationList;
			buildConfigurations = (
				5B316BAD1941B5F8004AFD33 /* Debug */,
				5B316BAE1941B5F8004AFD33 /* Release */,
			);
			defaultConfigurationIsVisible = 0;
			defaultConfigurationName = Release;
		};
		5B316BAF1941B5F8004AFD33 /* Build configuration list for PBXNativeTarget "DemoSpriteGame" */ = {
			isa = XCConfigurationList;
			buildConfigurations = (
				5B316BB01941B5F8004AFD33 /* Debug */,
				5B316BB11941B5F8004AFD33 /* Release */,
			);
			defaultConfigurationIsVisible = 0;
			defaultConfigurationName = Release;
		};
		5B316BB21941B5F8004AFD33 /* Build configuration list for PBXNativeTarget "DemoSpriteGameTests" */ = {
			isa = XCConfigurationList;
			buildConfigurations = (
				5B316BB31941B5F8004AFD33 /* Debug */,
				5B316BB41941B5F8004AFD33 /* Release */,
			);
			defaultConfigurationIsVisible = 0;
			defaultConfigurationName = Release;
		};
/* End XCConfigurationList section */
	};
	rootObject = 5B316B821941B5F8004AFD33 /* Project object */;
}
